
Microsoft Visual Studio Solution File, Format Version 12.00
# Visual Studio 15
VisualStudioVersion = 15.0.28307.705
MinimumVisualStudioVersion = 10.0.40219.1
Project("{FAE04EC0-301F-11D3-BF4B-00C04F79EFBC}") = "finalproject", "finalproject\finalproject.csproj", "{9FD8D7AD-77DA-4700-9E3B-E9AC16688F14}"
EndProject
Global
	GlobalSection(SolutionConfigurationPlatforms) = preSolution
		Debug|Any CPU = Debug|Any CPU
		Release|Any CPU = Release|Any CPU
	EndGlobalSection
	GlobalSection(ProjectConfigurationPlatforms) = postSolution
		{9FD8D7AD-77DA-4700-9E3B-E9AC16688F14}.Debug|Any CPU.ActiveCfg = Debug|Any CPU
		{9FD8D7AD-77DA-4700-9E3B-E9AC16688F14}.Debug|Any CPU.Build.0 = Debug|Any CPU
		{9FD8D7AD-77DA-4700-9E3B-E9AC16688F14}.Release|Any CPU.ActiveCfg = Release|Any CPU
		{9FD8D7AD-77DA-4700-9E3B-E9AC16688F14}.Release|Any CPU.Build.0 = Release|Any CPU
	EndGlobalSection
	GlobalSection(SolutionProperties) = preSolution
		HideSolutionNode = FALSE
	EndGlobalSection
	GlobalSection(ExtensibilityGlobals) = postSolution
		SolutionGuid = {1CB758CC-5AE9-4204-B6CF-3AED412AFC26}
	EndGlobalSection
EndGlobal
